
Microsoft Visual Studio Solution File, Format Version 12.00
# Visual Studio Version 17
VisualStudioVersion = 17.6.33829.357
MinimumVisualStudioVersion = 10.0.40219.1
Project("{FAE04EC0-301F-11D3-BF4B-00C04F79EFBC}") = "client", "client\client.csproj", "{80DE9D87-302D-4A7D-882D-D3E824096546}"
EndProject
Project("{FAE04EC0-301F-11D3-BF4B-00C04F79EFBC}") = "server", "server\server.csproj", "{7810B41D-D97A-45D2-882A-BCA68141519C}"
EndProject
Global
	GlobalSection(SolutionConfigurationPlatforms) = preSolution
		Debug|Any CPU = Debug|Any CPU
		Release|Any CPU = Release|Any CPU
	EndGlobalSection
	GlobalSection(ProjectConfigurationPlatforms) = postSolution
		{80DE9D87-302D-4A7D-882D-D3E824096546}.Debug|Any CPU.ActiveCfg = Debug|Any CPU
		{80DE9D87-302D-4A7D-882D-D3E824096546}.Debug|Any CPU.Build.0 = Debug|Any CPU
		{80DE9D87-302D-4A7D-882D-D3E824096546}.Release|Any CPU.ActiveCfg = Release|Any CPU
		{80DE9D87-302D-4A7D-882D-D3E824096546}.Release|Any CPU.Build.0 = Release|Any CPU
		{7810B41D-D97A-45D2-882A-BCA68141519C}.Debug|Any CPU.ActiveCfg = Debug|Any CPU
		{7810B41D-D97A-45D2-882A-BCA68141519C}.Debug|Any CPU.Build.0 = Debug|Any CPU
		{7810B41D-D97A-45D2-882A-BCA68141519C}.Release|Any CPU.ActiveCfg = Release|Any CPU
		{7810B41D-D97A-45D2-882A-BCA68141519C}.Release|Any CPU.Build.0 = Release|Any CPU
	EndGlobalSection
	GlobalSection(SolutionProperties) = preSolution
		HideSolutionNode = FALSE
	EndGlobalSection
	GlobalSection(ExtensibilityGlobals) = postSolution
		SolutionGuid = {61D986EA-2C91-45E0-8454-D1ECFCCB4268}
	EndGlobalSection
EndGlobal
